# THIS IS AN AUTOGENERATED FILE. DO NOT EDIT THIS FILE DIRECTLY.
# yarn lockfile v1


"@yuiblog/markdown@^0.1.0":
  version "0.1.0"
  resolved "https://registry.yarnpkg.com/@yuiblog/markdown/-/markdown-0.1.0.tgz#3f83b6bafcc7603355a30f9fa60b4eb381ea4af9"
  integrity sha512-3djDJaQkEbOns/hJP1DN7xvdYWxLvj0SqN0A14/+3TRgB8Nu4NU7CnAcCFs3+A39jb0Ub82X0bPjJtdWB+kXnA==
  dependencies:
    marked "^0.6.0"
    prismjs "^1.15.0"
    vue "^2.5.22"

clipboard@^2.0.0:
  version "2.0.4"
  resolved "https://registry.yarnpkg.com/clipboard/-/clipboard-2.0.4.tgz#836dafd66cf0fea5d71ce5d5b0bf6e958009112d"
  integrity sha512-Vw26VSLRpJfBofiVaFb/I8PVfdI1OxKcYShe6fm0sP/DtmiWQNCjhM/okTvdCo0G+lMMm1rMYbk4IK4x1X+kgQ==
  dependencies:
    good-listener "^1.2.2"
    select "^1.1.2"
    tiny-emitter "^2.0.0"

delegate@^3.1.2:
  version "3.2.0"
  resolved "https://registry.yarnpkg.com/delegate/-/delegate-3.2.0.tgz#b66b71c3158522e8ab5744f720d8ca0c2af59166"
  integrity sha512-IofjkYBZaZivn0V8nnsMJGBr4jVLxHDheKSW88PyxS5QC4Vo9ZbZVvhzlSxY87fVq3STR6r+4cGepyHkcWOQSw==

good-listener@^1.2.2:
  version "1.2.2"
  resolved "https://registry.yarnpkg.com/good-listener/-/good-listener-1.2.2.tgz#d53b30cdf9313dffb7dc9a0d477096aa6d145c50"
  integrity sha1-1TswzfkxPf+33JoNR3CWqm0UXFA=
  dependencies:
    delegate "^3.1.2"

marked@^0.6.0:
  version "0.6.0"
  resolved "https://registry.yarnpkg.com/marked/-/marked-0.6.0.tgz#a18d01cfdcf8d15c3c455b71c8329e5e0f01faa1"
  integrity sha512-HduzIW2xApSXKXJSpCipSxKyvMbwRRa/TwMbepmlZziKdH8548WSoDP4SxzulEKjlo8BE39l+2fwJZuRKOln6g==

prismjs@^1.15.0:
  version "1.15.0"
  resolved "https://registry.yarnpkg.com/prismjs/-/prismjs-1.15.0.tgz#8801d332e472091ba8def94976c8877ad60398d9"
  integrity sha512-Lf2JrFYx8FanHrjoV5oL8YHCclLQgbJcVZR+gikGGMqz6ub5QVWDTM6YIwm3BuPxM/LOV+rKns3LssXNLIf+DA==
  optionalDependencies:
    clipboard "^2.0.0"

select@^1.1.2:
  version "1.1.2"
  resolved "https://registry.yarnpkg.com/select/-/select-1.1.2.tgz#0e7350acdec80b1108528786ec1d4418d11b396d"
  integrity sha1-DnNQrN7ICxEIUoeG7B1EGNEbOW0=

tiny-emitter@^2.0.0:
  version "2.0.2"
  resolved "https://registry.yarnpkg.com/tiny-emitter/-/tiny-emitter-2.0.2.tgz#82d27468aca5ade8e5fd1e6d22b57dd43ebdfb7c"
  integrity sha512-2NM0auVBGft5tee/OxP4PI3d8WItkDM+fPnaRAVo6xTDI2knbz9eC5ArWGqtGlYqiH3RU5yMpdyTTO7MguC4ow==

vue@^2.5.22:
  version "2.5.22"
  resolved "https://registry.yarnpkg.com/vue/-/vue-2.5.22.tgz#3bf88041af08b8539c37b268b70ca79245e9cc30"
  integrity sha512-pxY3ZHlXNJMFQbkjEgGVMaMMkSV1ONpz+4qB55kZuJzyJOhn6MSy/YZdzhdnumegNzVTL/Dn3Pp4UrVBYt1j/g==
